
Microsoft Visual Studio Solution File, Format Version 12.00
# Visual Studio 15
VisualStudioVersion = 15.0.26730.16
MinimumVisualStudioVersion = 10.0.40219.1
Project("{9A19103F-16F7-4668-BE54-9A1E7A4F7556}") = "C01_001_AssemblyAndManifest", "C1_001_AssemblyAndManifest\C01_001_AssemblyAndManifest.csproj", "{9A8D09F8-394B-4800-8703-7F173C73DDBA}"
EndProject
Project("{FAE04EC0-301F-11D3-BF4B-00C04F79EFBC}") = "C02_001_VisualTypeDesignerApp", "VisualTypeDesignerApp\C02_001_VisualTypeDesignerApp.csproj", "{34DBEFEB-32E8-4262-9CE5-57869CCEC835}"
EndProject
Project("{FAE04EC0-301F-11D3-BF4B-00C04F79EFBC}") = "C03_001_SimpleCSharpApp", "C03_001_SimpleCSharpApp\C03_001_SimpleCSharpApp.csproj", "{86B8EFCE-BA30-4E22-9DBB-DED4D1B15525}"
EndProject
Project("{FAE04EC0-301F-11D3-BF4B-00C04F79EFBC}") = "C03_002_BasicConsoleIO", "BasicConsoleIO\C03_002_BasicConsoleIO.csproj", "{C8D0271A-9A99-48C2-A5C7-2E3A3C64DD15}"
EndProject
Project("{FAE04EC0-301F-11D3-BF4B-00C04F79EFBC}") = "C03_003_BasicDataTypes", "C03_003_BasicDataTypes\C03_003_BasicDataTypes.csproj", "{2BF814D1-31A5-492E-B1E7-29F1CAD3520C}"
EndProject
Project("{FAE04EC0-301F-11D3-BF4B-00C04F79EFBC}") = "C03_004_MembersOfSystemString", "C03_004_MembersOfSystemString\C03_004_MembersOfSystemString.csproj", "{92AD6D10-E210-4F86-9905-0CDAECB4EC3D}"
EndProject
Project("{FAE04EC0-301F-11D3-BF4B-00C04F79EFBC}") = "C03_005_DatatypeConversion", "C03_005_DatatypeConversion\C03_005_DatatypeConversion.csproj", "{BF1DECE9-3AE7-4784-912F-D215EEAC5C64}"
EndProject
Project("{FAE04EC0-301F-11D3-BF4B-00C04F79EFBC}") = "C03_006_TypeConversions", "C003_006_TypeConversions\C03_006_TypeConversions.csproj", "{4FB49474-EEFF-493D-B740-3AF9BBC988DF}"
EndProject
Project("{FAE04EC0-301F-11D3-BF4B-00C04F79EFBC}") = "C03_007_IterationConstructs", "C03_007_IterationConstructs\C03_007_IterationConstructs.csproj", "{175E41C0-9FF5-4223-B454-063AC110C397}"
EndProject
Project("{FAE04EC0-301F-11D3-BF4B-00C04F79EFBC}") = "C03_008_DecisionConstructs", "C03_008_DecisionConstructs\C03_008_DecisionConstructs.csproj", "{9C88A8ED-44F1-456E-8E3F-B94FB84195C9}"
EndProject
Project("{FAE04EC0-301F-11D3-BF4B-00C04F79EFBC}") = "C04_001_MethodsAndParameterModifiers", "C04_001_MethodsAndParameterModifiers\C04_001_MethodsAndParameterModifiers.csproj", "{8E152955-0A80-4D2C-9811-0272E619A9A6}"
EndProject
Project("{FAE04EC0-301F-11D3-BF4B-00C04F79EFBC}") = "C04_001_MethodsAndParametersModifiers2", "C04_001_MethodsAndParametersModifiers2\C04_001_MethodsAndParametersModifiers2.csproj", "{721CEB91-43D6-4F9E-BFDD-B21F69FFB026}"
EndProject
Project("{FAE04EC0-301F-11D3-BF4B-00C04F79EFBC}") = "C04_002_MethodOverloading", "C04_002_MethodOverloading\C04_002_MethodOverloading.csproj", "{6F279DDD-4D8C-4D09-A157-75DDE4179D4F}"
EndProject
Project("{FAE04EC0-301F-11D3-BF4B-00C04F79EFBC}") = "C04_003_FunWithArrays", "C04_003_FunWithArrays\C04_003_FunWithArrays.csproj", "{2758C020-F705-48C5-931C-BE3DB46B669E}"
EndProject
Project("{FAE04EC0-301F-11D3-BF4B-00C04F79EFBC}") = "C04_004_FunWithEnums", "C04_004_FunWithEnums\C04_004_FunWithEnums.csproj", "{B4AEB7BE-9089-4D4C-A715-89BC12A7CB4A}"
EndProject
Project("{FAE04EC0-301F-11D3-BF4B-00C04F79EFBC}") = "C04_005_FunWithStructures", "C04_005_FunWithStructures\C04_005_FunWithStructures.csproj", "{2DA11C30-8117-4383-A6AF-5AFB1E2D9491}"
EndProject
Project("{FAE04EC0-301F-11D3-BF4B-00C04F79EFBC}") = "C04_006_ValueAndReferenceTypes", "C04_006_ValueAndReferenceTypes\C04_006_ValueAndReferenceTypes.csproj", "{64875385-B3C6-4662-9ABA-CC0A5A943218}"
EndProject
Project("{FAE04EC0-301F-11D3-BF4B-00C04F79EFBC}") = "C04_007_RefTypesValTypesParams", "C04_007_RefTypesValTypesParams\C04_007_RefTypesValTypesParams.csproj", "{47370576-7F95-4300-BA47-CB150B022AD6}"
EndProject
Project("{FAE04EC0-301F-11D3-BF4B-00C04F79EFBC}") = "C04_008_NullableTypes", "C04_008_NullableTypes\C04_008_NullableTypes.csproj", "{FD4E16D3-7286-4C2E-9F61-09656F1E3C53}"
EndProject
Project("{FAE04EC0-301F-11D3-BF4B-00C04F79EFBC}") = "C05_001_SimpleClassExample", "C05_001_SimpleClassExample\C05_001_SimpleClassExample.csproj", "{F4269DD4-DBEA-41A8-9EE2-140F96AD906E}"
EndProject
Project("{FAE04EC0-301F-11D3-BF4B-00C04F79EFBC}") = "C05_002_ConstructorChainingThis", "C05_002_ConstructorChainingThis\C05_002_ConstructorChainingThis.csproj", "{A6952D8B-56E1-4819-9EE6-CFD3C35422B4}"
EndProject
Global
	GlobalSection(SolutionConfigurationPlatforms) = preSolution
		Debug|Any CPU = Debug|Any CPU
		Release|Any CPU = Release|Any CPU
	EndGlobalSection
	GlobalSection(ProjectConfigurationPlatforms) = postSolution
		{9A8D09F8-394B-4800-8703-7F173C73DDBA}.Debug|Any CPU.ActiveCfg = Debug|Any CPU
		{9A8D09F8-394B-4800-8703-7F173C73DDBA}.Debug|Any CPU.Build.0 = Debug|Any CPU
		{9A8D09F8-394B-4800-8703-7F173C73DDBA}.Release|Any CPU.ActiveCfg = Release|Any CPU
		{9A8D09F8-394B-4800-8703-7F173C73DDBA}.Release|Any CPU.Build.0 = Release|Any CPU
		{34DBEFEB-32E8-4262-9CE5-57869CCEC835}.Debug|Any CPU.ActiveCfg = Debug|Any CPU
		{34DBEFEB-32E8-4262-9CE5-57869CCEC835}.Debug|Any CPU.Build.0 = Debug|Any CPU
		{34DBEFEB-32E8-4262-9CE5-57869CCEC835}.Release|Any CPU.ActiveCfg = Release|Any CPU
		{34DBEFEB-32E8-4262-9CE5-57869CCEC835}.Release|Any CPU.Build.0 = Release|Any CPU
		{86B8EFCE-BA30-4E22-9DBB-DED4D1B15525}.Debug|Any CPU.ActiveCfg = Debug|Any CPU
		{86B8EFCE-BA30-4E22-9DBB-DED4D1B15525}.Debug|Any CPU.Build.0 = Debug|Any CPU
		{86B8EFCE-BA30-4E22-9DBB-DED4D1B15525}.Release|Any CPU.ActiveCfg = Release|Any CPU
		{86B8EFCE-BA30-4E22-9DBB-DED4D1B15525}.Release|Any CPU.Build.0 = Release|Any CPU
		{C8D0271A-9A99-48C2-A5C7-2E3A3C64DD15}.Debug|Any CPU.ActiveCfg = Debug|Any CPU
		{C8D0271A-9A99-48C2-A5C7-2E3A3C64DD15}.Debug|Any CPU.Build.0 = Debug|Any CPU
		{C8D0271A-9A99-48C2-A5C7-2E3A3C64DD15}.Release|Any CPU.ActiveCfg = Release|Any CPU
		{C8D0271A-9A99-48C2-A5C7-2E3A3C64DD15}.Release|Any CPU.Build.0 = Release|Any CPU
		{2BF814D1-31A5-492E-B1E7-29F1CAD3520C}.Debug|Any CPU.ActiveCfg = Debug|Any CPU
		{2BF814D1-31A5-492E-B1E7-29F1CAD3520C}.Debug|Any CPU.Build.0 = Debug|Any CPU
		{2BF814D1-31A5-492E-B1E7-29F1CAD3520C}.Release|Any CPU.ActiveCfg = Release|Any CPU
		{2BF814D1-31A5-492E-B1E7-29F1CAD3520C}.Release|Any CPU.Build.0 = Release|Any CPU
		{92AD6D10-E210-4F86-9905-0CDAECB4EC3D}.Debug|Any CPU.ActiveCfg = Debug|Any CPU
		{92AD6D10-E210-4F86-9905-0CDAECB4EC3D}.Debug|Any CPU.Build.0 = Debug|Any CPU
		{92AD6D10-E210-4F86-9905-0CDAECB4EC3D}.Release|Any CPU.ActiveCfg = Release|Any CPU
		{92AD6D10-E210-4F86-9905-0CDAECB4EC3D}.Release|Any CPU.Build.0 = Release|Any CPU
		{BF1DECE9-3AE7-4784-912F-D215EEAC5C64}.Debug|Any CPU.ActiveCfg = Debug|Any CPU
		{BF1DECE9-3AE7-4784-912F-D215EEAC5C64}.Debug|Any CPU.Build.0 = Debug|Any CPU
		{BF1DECE9-3AE7-4784-912F-D215EEAC5C64}.Release|Any CPU.ActiveCfg = Release|Any CPU
		{BF1DECE9-3AE7-4784-912F-D215EEAC5C64}.Release|Any CPU.Build.0 = Release|Any CPU
		{4FB49474-EEFF-493D-B740-3AF9BBC988DF}.Debug|Any CPU.ActiveCfg = Debug|Any CPU
		{4FB49474-EEFF-493D-B740-3AF9BBC988DF}.Debug|Any CPU.Build.0 = Debug|Any CPU
		{4FB49474-EEFF-493D-B740-3AF9BBC988DF}.Release|Any CPU.ActiveCfg = Release|Any CPU
		{4FB49474-EEFF-493D-B740-3AF9BBC988DF}.Release|Any CPU.Build.0 = Release|Any CPU
		{175E41C0-9FF5-4223-B454-063AC110C397}.Debug|Any CPU.ActiveCfg = Debug|Any CPU
		{175E41C0-9FF5-4223-B454-063AC110C397}.Debug|Any CPU.Build.0 = Debug|Any CPU
		{175E41C0-9FF5-4223-B454-063AC110C397}.Release|Any CPU.ActiveCfg = Release|Any CPU
		{175E41C0-9FF5-4223-B454-063AC110C397}.Release|Any CPU.Build.0 = Release|Any CPU
		{9C88A8ED-44F1-456E-8E3F-B94FB84195C9}.Debug|Any CPU.ActiveCfg = Debug|Any CPU
		{9C88A8ED-44F1-456E-8E3F-B94FB84195C9}.Debug|Any CPU.Build.0 = Debug|Any CPU
		{9C88A8ED-44F1-456E-8E3F-B94FB84195C9}.Release|Any CPU.ActiveCfg = Release|Any CPU
		{9C88A8ED-44F1-456E-8E3F-B94FB84195C9}.Release|Any CPU.Build.0 = Release|Any CPU
		{8E152955-0A80-4D2C-9811-0272E619A9A6}.Debug|Any CPU.ActiveCfg = Debug|Any CPU
		{8E152955-0A80-4D2C-9811-0272E619A9A6}.Debug|Any CPU.Build.0 = Debug|Any CPU
		{8E152955-0A80-4D2C-9811-0272E619A9A6}.Release|Any CPU.ActiveCfg = Release|Any CPU
		{8E152955-0A80-4D2C-9811-0272E619A9A6}.Release|Any CPU.Build.0 = Release|Any CPU
		{721CEB91-43D6-4F9E-BFDD-B21F69FFB026}.Debug|Any CPU.ActiveCfg = Debug|Any CPU
		{721CEB91-43D6-4F9E-BFDD-B21F69FFB026}.Debug|Any CPU.Build.0 = Debug|Any CPU
		{721CEB91-43D6-4F9E-BFDD-B21F69FFB026}.Release|Any CPU.ActiveCfg = Release|Any CPU
		{721CEB91-43D6-4F9E-BFDD-B21F69FFB026}.Release|Any CPU.Build.0 = Release|Any CPU
		{6F279DDD-4D8C-4D09-A157-75DDE4179D4F}.Debug|Any CPU.ActiveCfg = Debug|Any CPU
		{6F279DDD-4D8C-4D09-A157-75DDE4179D4F}.Debug|Any CPU.Build.0 = Debug|Any CPU
		{6F279DDD-4D8C-4D09-A157-75DDE4179D4F}.Release|Any CPU.ActiveCfg = Release|Any CPU
		{6F279DDD-4D8C-4D09-A157-75DDE4179D4F}.Release|Any CPU.Build.0 = Release|Any CPU
		{2758C020-F705-48C5-931C-BE3DB46B669E}.Debug|Any CPU.ActiveCfg = Debug|Any CPU
		{2758C020-F705-48C5-931C-BE3DB46B669E}.Debug|Any CPU.Build.0 = Debug|Any CPU
		{2758C020-F705-48C5-931C-BE3DB46B669E}.Release|Any CPU.ActiveCfg = Release|Any CPU
		{2758C020-F705-48C5-931C-BE3DB46B669E}.Release|Any CPU.Build.0 = Release|Any CPU
		{B4AEB7BE-9089-4D4C-A715-89BC12A7CB4A}.Debug|Any CPU.ActiveCfg = Debug|Any CPU
		{B4AEB7BE-9089-4D4C-A715-89BC12A7CB4A}.Debug|Any CPU.Build.0 = Debug|Any CPU
		{B4AEB7BE-9089-4D4C-A715-89BC12A7CB4A}.Release|Any CPU.ActiveCfg = Release|Any CPU
		{B4AEB7BE-9089-4D4C-A715-89BC12A7CB4A}.Release|Any CPU.Build.0 = Release|Any CPU
		{2DA11C30-8117-4383-A6AF-5AFB1E2D9491}.Debug|Any CPU.ActiveCfg = Debug|Any CPU
		{2DA11C30-8117-4383-A6AF-5AFB1E2D9491}.Debug|Any CPU.Build.0 = Debug|Any CPU
		{2DA11C30-8117-4383-A6AF-5AFB1E2D9491}.Release|Any CPU.ActiveCfg = Release|Any CPU
		{2DA11C30-8117-4383-A6AF-5AFB1E2D9491}.Release|Any CPU.Build.0 = Release|Any CPU
		{64875385-B3C6-4662-9ABA-CC0A5A943218}.Debug|Any CPU.ActiveCfg = Debug|Any CPU
		{64875385-B3C6-4662-9ABA-CC0A5A943218}.Debug|Any CPU.Build.0 = Debug|Any CPU
		{64875385-B3C6-4662-9ABA-CC0A5A943218}.Release|Any CPU.ActiveCfg = Release|Any CPU
		{64875385-B3C6-4662-9ABA-CC0A5A943218}.Release|Any CPU.Build.0 = Release|Any CPU
		{47370576-7F95-4300-BA47-CB150B022AD6}.Debug|Any CPU.ActiveCfg = Debug|Any CPU
		{47370576-7F95-4300-BA47-CB150B022AD6}.Debug|Any CPU.Build.0 = Debug|Any CPU
		{47370576-7F95-4300-BA47-CB150B022AD6}.Release|Any CPU.ActiveCfg = Release|Any CPU
		{47370576-7F95-4300-BA47-CB150B022AD6}.Release|Any CPU.Build.0 = Release|Any CPU
		{FD4E16D3-7286-4C2E-9F61-09656F1E3C53}.Debug|Any CPU.ActiveCfg = Debug|Any CPU
		{FD4E16D3-7286-4C2E-9F61-09656F1E3C53}.Debug|Any CPU.Build.0 = Debug|Any CPU
		{FD4E16D3-7286-4C2E-9F61-09656F1E3C53}.Release|Any CPU.ActiveCfg = Release|Any CPU
		{FD4E16D3-7286-4C2E-9F61-09656F1E3C53}.Release|Any CPU.Build.0 = Release|Any CPU
		{F4269DD4-DBEA-41A8-9EE2-140F96AD906E}.Debug|Any CPU.ActiveCfg = Debug|Any CPU
		{F4269DD4-DBEA-41A8-9EE2-140F96AD906E}.Debug|Any CPU.Build.0 = Debug|Any CPU
		{F4269DD4-DBEA-41A8-9EE2-140F96AD906E}.Release|Any CPU.ActiveCfg = Release|Any CPU
		{F4269DD4-DBEA-41A8-9EE2-140F96AD906E}.Release|Any CPU.Build.0 = Release|Any CPU
		{A6952D8B-56E1-4819-9EE6-CFD3C35422B4}.Debug|Any CPU.ActiveCfg = Debug|Any CPU
		{A6952D8B-56E1-4819-9EE6-CFD3C35422B4}.Debug|Any CPU.Build.0 = Debug|Any CPU
		{A6952D8B-56E1-4819-9EE6-CFD3C35422B4}.Release|Any CPU.ActiveCfg = Release|Any CPU
		{A6952D8B-56E1-4819-9EE6-CFD3C35422B4}.Release|Any CPU.Build.0 = Release|Any CPU
	EndGlobalSection
	GlobalSection(SolutionProperties) = preSolution
		HideSolutionNode = FALSE
	EndGlobalSection
	GlobalSection(ExtensibilityGlobals) = postSolution
		SolutionGuid = {64D492D0-4E3D-41E9-A630-5C35056F3736}
	EndGlobalSection
EndGlobal
