
Microsoft Visual Studio Solution File, Format Version 12.00
# Visual Studio 15
VisualStudioVersion = 15.0.27130.2026
MinimumVisualStudioVersion = 10.0.40219.1
Project("{9A19103F-16F7-4668-BE54-9A1E7A4F7556}") = "C01_001_AssemblyAndManifest", "C1_001_AssemblyAndManifest\C01_001_AssemblyAndManifest.csproj", "{9A8D09F8-394B-4800-8703-7F173C73DDBA}"
EndProject
Project("{FAE04EC0-301F-11D3-BF4B-00C04F79EFBC}") = "C02_001_VisualTypeDesignerApp", "VisualTypeDesignerApp\C02_001_VisualTypeDesignerApp.csproj", "{34DBEFEB-32E8-4262-9CE5-57869CCEC835}"
EndProject
Project("{FAE04EC0-301F-11D3-BF4B-00C04F79EFBC}") = "C03_001_SimpleCSharpApp", "C03_001_SimpleCSharpApp\C03_001_SimpleCSharpApp.csproj", "{86B8EFCE-BA30-4E22-9DBB-DED4D1B15525}"
EndProject
Project("{FAE04EC0-301F-11D3-BF4B-00C04F79EFBC}") = "C03_002_BasicConsoleIO", "BasicConsoleIO\C03_002_BasicConsoleIO.csproj", "{C8D0271A-9A99-48C2-A5C7-2E3A3C64DD15}"
EndProject
Project("{FAE04EC0-301F-11D3-BF4B-00C04F79EFBC}") = "C03_003_BasicDataTypes", "C03_003_BasicDataTypes\C03_003_BasicDataTypes.csproj", "{2BF814D1-31A5-492E-B1E7-29F1CAD3520C}"
EndProject
Project("{FAE04EC0-301F-11D3-BF4B-00C04F79EFBC}") = "C03_004_MembersOfSystemString", "C03_004_MembersOfSystemString\C03_004_MembersOfSystemString.csproj", "{92AD6D10-E210-4F86-9905-0CDAECB4EC3D}"
EndProject
Project("{FAE04EC0-301F-11D3-BF4B-00C04F79EFBC}") = "C03_005_DatatypeConversion", "C03_005_DatatypeConversion\C03_005_DatatypeConversion.csproj", "{BF1DECE9-3AE7-4784-912F-D215EEAC5C64}"
EndProject
Project("{FAE04EC0-301F-11D3-BF4B-00C04F79EFBC}") = "C03_006_TypeConversions", "C003_006_TypeConversions\C03_006_TypeConversions.csproj", "{4FB49474-EEFF-493D-B740-3AF9BBC988DF}"
EndProject
Project("{FAE04EC0-301F-11D3-BF4B-00C04F79EFBC}") = "C03_007_IterationConstructs", "C03_007_IterationConstructs\C03_007_IterationConstructs.csproj", "{175E41C0-9FF5-4223-B454-063AC110C397}"
EndProject
Project("{FAE04EC0-301F-11D3-BF4B-00C04F79EFBC}") = "C03_008_DecisionConstructs", "C03_008_DecisionConstructs\C03_008_DecisionConstructs.csproj", "{9C88A8ED-44F1-456E-8E3F-B94FB84195C9}"
EndProject
Project("{FAE04EC0-301F-11D3-BF4B-00C04F79EFBC}") = "C04_001_MethodsAndParameterModifiers", "C04_001_MethodsAndParameterModifiers\C04_001_MethodsAndParameterModifiers.csproj", "{8E152955-0A80-4D2C-9811-0272E619A9A6}"
EndProject
Project("{FAE04EC0-301F-11D3-BF4B-00C04F79EFBC}") = "C04_001_MethodsAndParametersModifiers2", "C04_001_MethodsAndParametersModifiers2\C04_001_MethodsAndParametersModifiers2.csproj", "{721CEB91-43D6-4F9E-BFDD-B21F69FFB026}"
EndProject
Project("{FAE04EC0-301F-11D3-BF4B-00C04F79EFBC}") = "C04_002_MethodOverloading", "C04_002_MethodOverloading\C04_002_MethodOverloading.csproj", "{6F279DDD-4D8C-4D09-A157-75DDE4179D4F}"
EndProject
Project("{FAE04EC0-301F-11D3-BF4B-00C04F79EFBC}") = "C04_003_FunWithArrays", "C04_003_FunWithArrays\C04_003_FunWithArrays.csproj", "{2758C020-F705-48C5-931C-BE3DB46B669E}"
EndProject
Project("{FAE04EC0-301F-11D3-BF4B-00C04F79EFBC}") = "C04_004_FunWithEnums", "C04_004_FunWithEnums\C04_004_FunWithEnums.csproj", "{B4AEB7BE-9089-4D4C-A715-89BC12A7CB4A}"
EndProject
Project("{FAE04EC0-301F-11D3-BF4B-00C04F79EFBC}") = "C04_005_FunWithStructures", "C04_005_FunWithStructures\C04_005_FunWithStructures.csproj", "{2DA11C30-8117-4383-A6AF-5AFB1E2D9491}"
EndProject
Project("{FAE04EC0-301F-11D3-BF4B-00C04F79EFBC}") = "C04_006_ValueAndReferenceTypes", "C04_006_ValueAndReferenceTypes\C04_006_ValueAndReferenceTypes.csproj", "{64875385-B3C6-4662-9ABA-CC0A5A943218}"
EndProject
Project("{FAE04EC0-301F-11D3-BF4B-00C04F79EFBC}") = "C04_007_RefTypesValTypesParams", "C04_007_RefTypesValTypesParams\C04_007_RefTypesValTypesParams.csproj", "{47370576-7F95-4300-BA47-CB150B022AD6}"
EndProject
Project("{FAE04EC0-301F-11D3-BF4B-00C04F79EFBC}") = "C04_008_NullableTypes", "C04_008_NullableTypes\C04_008_NullableTypes.csproj", "{FD4E16D3-7286-4C2E-9F61-09656F1E3C53}"
EndProject
Project("{FAE04EC0-301F-11D3-BF4B-00C04F79EFBC}") = "C05_001_SimpleClassExample", "C05_001_SimpleClassExample\C05_001_SimpleClassExample.csproj", "{F4269DD4-DBEA-41A8-9EE2-140F96AD906E}"
EndProject
Project("{FAE04EC0-301F-11D3-BF4B-00C04F79EFBC}") = "C05_002_ConstructorChainingThis", "C05_002_ConstructorChainingThis\C05_002_ConstructorChainingThis.csproj", "{A6952D8B-56E1-4819-9EE6-CFD3C35422B4}"
EndProject
Project("{FAE04EC0-301F-11D3-BF4B-00C04F79EFBC}") = "C05_003_StaticDataAndMembers", "C05_003_StaticDataAndMembers\C05_003_StaticDataAndMembers.csproj", "{38199723-57AA-47CF-9770-41EFFD1D4874}"
EndProject
Project("{FAE04EC0-301F-11D3-BF4B-00C04F79EFBC}") = "C05_004_EmployeeApp", "EmployeeApp\C05_004_EmployeeApp.csproj", "{D0BA8535-8C31-4C30-A560-67E262E66F51}"
EndProject
Project("{FAE04EC0-301F-11D3-BF4B-00C04F79EFBC}") = "C05_005_AutomaticPropertiesAndDefaultValues", "C005_005_AutomaticPropertiesAndDefaultValues\C05_005_AutomaticPropertiesAndDefaultValues.csproj", "{52256F3F-6CEB-4219-B2EE-DA42A47ED944}"
EndProject
Project("{FAE04EC0-301F-11D3-BF4B-00C04F79EFBC}") = "C05_006_ObjectInitializationSyntax", "C05_006_ObjectInitializationSyntax\C05_006_ObjectInitializationSyntax.csproj", "{7BAE5BC9-B702-4CA8-978D-39EFED77BAC7}"
EndProject
Project("{FAE04EC0-301F-11D3-BF4B-00C04F79EFBC}") = "C05_007_CustomCtorAndObjectInitSyntax", "C05_007_CustomCtorAndObjectInitSyntax\C05_007_CustomCtorAndObjectInitSyntax.csproj", "{A4EFD1DA-70F6-4162-83CE-7F49DB6D8974}"
EndProject
Project("{FAE04EC0-301F-11D3-BF4B-00C04F79EFBC}") = "C05_008_ConstData", "C05_008_ConstData\C05_008_ConstData.csproj", "{3FF10349-321E-4AC1-9B4A-E18ECD293F12}"
EndProject
Project("{FAE04EC0-301F-11D3-BF4B-00C04F79EFBC}") = "C05_009_PartialClasses", "C05_009_PartialClasses\C05_009_PartialClasses.csproj", "{84E03912-6A2F-424E-8EE4-7F6985BABDC4}"
EndProject
Project("{FAE04EC0-301F-11D3-BF4B-00C04F79EFBC}") = "C06_001_BasicInheritance", "C06_001_BasicInheritance\C06_001_BasicInheritance.csproj", "{D655F8B0-6E55-4B56-B396-50F1508BCFBF}"
EndProject
Project("{FAE04EC0-301F-11D3-BF4B-00C04F79EFBC}") = "C06_002_Employees", "C006_002_Employees\C06_002_Employees.csproj", "{D52F1EB3-7254-49F6-9C72-F014B6E3B73A}"
EndProject
Project("{FAE04EC0-301F-11D3-BF4B-00C04F79EFBC}") = "C06_003_ProtectedKeyword", "C06_003_ProtectedKeyword\C06_003_ProtectedKeyword.csproj", "{EDE3C7E5-C68E-4729-A9C2-7D81F82F5DBF}"
EndProject
Project("{FAE04EC0-301F-11D3-BF4B-00C04F79EFBC}") = "C06_004_NestedTypes", "C06_004_NestedTypes\C06_004_NestedTypes.csproj", "{07FCCC80-944E-4A07-A8D2-F816E21EA0A5}"
EndProject
Project("{FAE04EC0-301F-11D3-BF4B-00C04F79EFBC}") = "C06_005_PolymorphicSupport", "C06_005_PolymorphicSupport\C06_005_PolymorphicSupport.csproj", "{E08052E0-4B3E-4446-AD38-566E68ECA690}"
EndProject
Project("{FAE04EC0-301F-11D3-BF4B-00C04F79EFBC}") = "C06_006_VirtualMethods", "C06_006_VirtualMethods\C06_006_VirtualMethods.csproj", "{7BE0137F-4D9A-407F-B991-A568D035776C}"
EndProject
Project("{FAE04EC0-301F-11D3-BF4B-00C04F79EFBC}") = "C06_007_SealedVirtualMethods", "C06_007_SealedVirtualMethods\C06_007_SealedVirtualMethods.csproj", "{2B7EFD7E-2696-4AD5-B067-A98B878193AA}"
EndProject
Project("{FAE04EC0-301F-11D3-BF4B-00C04F79EFBC}") = "C06_008_Shapes", "C06_008_Shapes\C06_008_Shapes.csproj", "{CA8DDAC3-B759-4E18-A4BA-168F570EF362}"
EndProject
Project("{FAE04EC0-301F-11D3-BF4B-00C04F79EFBC}") = "C06_009_AbstractMethods", "C06_009_AbstractMethods\C06_009_AbstractMethods.csproj", "{17CA8661-9945-4008-9C41-7D1E3F523B21}"
EndProject
Project("{FAE04EC0-301F-11D3-BF4B-00C04F79EFBC}") = "C06_010_MemberShadowing", "C06_010_MemberShadowing\C06_010_MemberShadowing.csproj", "{E500CFC8-DFD2-4D0D-B59D-9358F6786B81}"
EndProject
Project("{FAE04EC0-301F-11D3-BF4B-00C04F79EFBC}") = "C06_011_CastingClasses", "C06_011_CastingClasses\C06_011_CastingClasses.csproj", "{B7FEC16F-71FE-4E81-B4F7-682B9A2E10C7}"
EndProject
Project("{FAE04EC0-301F-11D3-BF4B-00C04F79EFBC}") = "C06_012_AsKeyword", "C06_012_AsKeyword\C06_012_AsKeyword.csproj", "{7C9DCA6B-CED7-467D-BBD1-D3EC0D145CC7}"
EndProject
Project("{FAE04EC0-301F-11D3-BF4B-00C04F79EFBC}") = "C06_013_IsKeyword", "C06_013_IsKeyword\C06_013_IsKeyword.csproj", "{9E3168AC-057C-4109-A540-1F55CF06A018}"
EndProject
Project("{FAE04EC0-301F-11D3-BF4B-00C04F79EFBC}") = "C06_014_SystemObject", "C06_014_SystemObject\C06_014_SystemObject.csproj", "{53CE6C1B-BC1C-43F5-BE5F-67B4074569D1}"
EndProject
Project("{FAE04EC0-301F-11D3-BF4B-00C04F79EFBC}") = "C06_015_ObjectOverrides", "C06_015_ObjectOverrides\C06_015_ObjectOverrides.csproj", "{5B49163E-6862-492E-8C80-1DED409A6A1B}"
EndProject
Project("{FAE04EC0-301F-11D3-BF4B-00C04F79EFBC}") = "C07_001_SimpleException", "C07_001_SimpleException\C07_001_SimpleException.csproj", "{8572593F-3A08-4FA0-9928-90DE3837C778}"
EndProject
Project("{FAE04EC0-301F-11D3-BF4B-00C04F79EFBC}") = "C07_002_StateOfException", "C07_002_StateOfException\C07_002_StateOfException.csproj", "{B781C912-1288-4AC9-9F6B-9A17FD5A439A}"
EndProject
Project("{FAE04EC0-301F-11D3-BF4B-00C04F79EFBC}") = "C07_003_CustomException", "C07_003_CustomException\C07_003_CustomException.csproj", "{AD536444-2D2D-4DAB-9657-30CC33A309C6}"
EndProject
Project("{FAE04EC0-301F-11D3-BF4B-00C04F79EFBC}") = "C07_004_CustomException2", "C07_004_CustomException2\C07_004_CustomException2.csproj", "{AA43573A-B1C0-4B3E-80B2-1B8040B9B7D4}"
EndProject
Project("{FAE04EC0-301F-11D3-BF4B-00C04F79EFBC}") = "C07_005_CustomExceptionFinalImplementation", "C07_005_CustomExceptionFinalImplementation\C07_005_CustomExceptionFinalImplementation.csproj", "{3B3E3B90-65F7-449B-AA37-F3003AB09FE7}"
EndProject
Project("{FAE04EC0-301F-11D3-BF4B-00C04F79EFBC}") = "C07_006_ProcessMultipleExceptions", "C07_006_ProcessMultipleExceptions\C07_006_ProcessMultipleExceptions.csproj", "{C78D374C-5506-4385-878C-36C5DD6C2195}"
EndProject
Project("{FAE04EC0-301F-11D3-BF4B-00C04F79EFBC}") = "C07_007_InnerExceptions", "C07_007_InnerExceptions\C07_007_InnerExceptions.csproj", "{D00DBB7E-D002-4CAA-B8CC-2350E97E8758}"
EndProject
Project("{FAE04EC0-301F-11D3-BF4B-00C04F79EFBC}") = "C07_008_FinallyBlock", "C07_008_FinallyBlock\C07_008_FinallyBlock.csproj", "{DD7840B7-791B-42CF-9E3C-66E6E46A4971}"
EndProject
Project("{FAE04EC0-301F-11D3-BF4B-00C04F79EFBC}") = "C07_009_ExceptionFilters", "C07_009_ExceptionFilters\C07_009_ExceptionFilters.csproj", "{B2ABEED8-56AB-4679-A265-2177CEFECB11}"
EndProject
Project("{FAE04EC0-301F-11D3-BF4B-00C04F79EFBC}") = "C07_010_DebugUnhandledExceptionsVS", "C07_010_DebugUnhandledExceptionsVS\C07_010_DebugUnhandledExceptionsVS.csproj", "{5604BB46-A38F-436B-AE95-1B014B1885E3}"
EndProject
Project("{FAE04EC0-301F-11D3-BF4B-00C04F79EFBC}") = "C08_001_ICloneableExample", "C08_001_ICloneableExample\C08_001_ICloneableExample.csproj", "{B3192E05-EE06-4D43-98A3-E12BAEC2865C}"
EndProject
Project("{FAE04EC0-301F-11D3-BF4B-00C04F79EFBC}") = "C08_002_CustomInterface", "C08_002_CustomInterface\C08_002_CustomInterface.csproj", "{C9CDCAFB-6389-4F62-AAC6-D0CE1FAAC7FD}"
EndProject
Global
	GlobalSection(SolutionConfigurationPlatforms) = preSolution
		Debug|Any CPU = Debug|Any CPU
		Release|Any CPU = Release|Any CPU
	EndGlobalSection
	GlobalSection(ProjectConfigurationPlatforms) = postSolution
		{9A8D09F8-394B-4800-8703-7F173C73DDBA}.Debug|Any CPU.ActiveCfg = Debug|Any CPU
		{9A8D09F8-394B-4800-8703-7F173C73DDBA}.Debug|Any CPU.Build.0 = Debug|Any CPU
		{9A8D09F8-394B-4800-8703-7F173C73DDBA}.Release|Any CPU.ActiveCfg = Release|Any CPU
		{9A8D09F8-394B-4800-8703-7F173C73DDBA}.Release|Any CPU.Build.0 = Release|Any CPU
		{34DBEFEB-32E8-4262-9CE5-57869CCEC835}.Debug|Any CPU.ActiveCfg = Debug|Any CPU
		{34DBEFEB-32E8-4262-9CE5-57869CCEC835}.Debug|Any CPU.Build.0 = Debug|Any CPU
		{34DBEFEB-32E8-4262-9CE5-57869CCEC835}.Release|Any CPU.ActiveCfg = Release|Any CPU
		{34DBEFEB-32E8-4262-9CE5-57869CCEC835}.Release|Any CPU.Build.0 = Release|Any CPU
		{86B8EFCE-BA30-4E22-9DBB-DED4D1B15525}.Debug|Any CPU.ActiveCfg = Debug|Any CPU
		{86B8EFCE-BA30-4E22-9DBB-DED4D1B15525}.Debug|Any CPU.Build.0 = Debug|Any CPU
		{86B8EFCE-BA30-4E22-9DBB-DED4D1B15525}.Release|Any CPU.ActiveCfg = Release|Any CPU
		{86B8EFCE-BA30-4E22-9DBB-DED4D1B15525}.Release|Any CPU.Build.0 = Release|Any CPU
		{C8D0271A-9A99-48C2-A5C7-2E3A3C64DD15}.Debug|Any CPU.ActiveCfg = Debug|Any CPU
		{C8D0271A-9A99-48C2-A5C7-2E3A3C64DD15}.Debug|Any CPU.Build.0 = Debug|Any CPU
		{C8D0271A-9A99-48C2-A5C7-2E3A3C64DD15}.Release|Any CPU.ActiveCfg = Release|Any CPU
		{C8D0271A-9A99-48C2-A5C7-2E3A3C64DD15}.Release|Any CPU.Build.0 = Release|Any CPU
		{2BF814D1-31A5-492E-B1E7-29F1CAD3520C}.Debug|Any CPU.ActiveCfg = Debug|Any CPU
		{2BF814D1-31A5-492E-B1E7-29F1CAD3520C}.Debug|Any CPU.Build.0 = Debug|Any CPU
		{2BF814D1-31A5-492E-B1E7-29F1CAD3520C}.Release|Any CPU.ActiveCfg = Release|Any CPU
		{2BF814D1-31A5-492E-B1E7-29F1CAD3520C}.Release|Any CPU.Build.0 = Release|Any CPU
		{92AD6D10-E210-4F86-9905-0CDAECB4EC3D}.Debug|Any CPU.ActiveCfg = Debug|Any CPU
		{92AD6D10-E210-4F86-9905-0CDAECB4EC3D}.Debug|Any CPU.Build.0 = Debug|Any CPU
		{92AD6D10-E210-4F86-9905-0CDAECB4EC3D}.Release|Any CPU.ActiveCfg = Release|Any CPU
		{92AD6D10-E210-4F86-9905-0CDAECB4EC3D}.Release|Any CPU.Build.0 = Release|Any CPU
		{BF1DECE9-3AE7-4784-912F-D215EEAC5C64}.Debug|Any CPU.ActiveCfg = Debug|Any CPU
		{BF1DECE9-3AE7-4784-912F-D215EEAC5C64}.Debug|Any CPU.Build.0 = Debug|Any CPU
		{BF1DECE9-3AE7-4784-912F-D215EEAC5C64}.Release|Any CPU.ActiveCfg = Release|Any CPU
		{BF1DECE9-3AE7-4784-912F-D215EEAC5C64}.Release|Any CPU.Build.0 = Release|Any CPU
		{4FB49474-EEFF-493D-B740-3AF9BBC988DF}.Debug|Any CPU.ActiveCfg = Debug|Any CPU
		{4FB49474-EEFF-493D-B740-3AF9BBC988DF}.Debug|Any CPU.Build.0 = Debug|Any CPU
		{4FB49474-EEFF-493D-B740-3AF9BBC988DF}.Release|Any CPU.ActiveCfg = Release|Any CPU
		{4FB49474-EEFF-493D-B740-3AF9BBC988DF}.Release|Any CPU.Build.0 = Release|Any CPU
		{175E41C0-9FF5-4223-B454-063AC110C397}.Debug|Any CPU.ActiveCfg = Debug|Any CPU
		{175E41C0-9FF5-4223-B454-063AC110C397}.Debug|Any CPU.Build.0 = Debug|Any CPU
		{175E41C0-9FF5-4223-B454-063AC110C397}.Release|Any CPU.ActiveCfg = Release|Any CPU
		{175E41C0-9FF5-4223-B454-063AC110C397}.Release|Any CPU.Build.0 = Release|Any CPU
		{9C88A8ED-44F1-456E-8E3F-B94FB84195C9}.Debug|Any CPU.ActiveCfg = Debug|Any CPU
		{9C88A8ED-44F1-456E-8E3F-B94FB84195C9}.Debug|Any CPU.Build.0 = Debug|Any CPU
		{9C88A8ED-44F1-456E-8E3F-B94FB84195C9}.Release|Any CPU.ActiveCfg = Release|Any CPU
		{9C88A8ED-44F1-456E-8E3F-B94FB84195C9}.Release|Any CPU.Build.0 = Release|Any CPU
		{8E152955-0A80-4D2C-9811-0272E619A9A6}.Debug|Any CPU.ActiveCfg = Debug|Any CPU
		{8E152955-0A80-4D2C-9811-0272E619A9A6}.Debug|Any CPU.Build.0 = Debug|Any CPU
		{8E152955-0A80-4D2C-9811-0272E619A9A6}.Release|Any CPU.ActiveCfg = Release|Any CPU
		{8E152955-0A80-4D2C-9811-0272E619A9A6}.Release|Any CPU.Build.0 = Release|Any CPU
		{721CEB91-43D6-4F9E-BFDD-B21F69FFB026}.Debug|Any CPU.ActiveCfg = Debug|Any CPU
		{721CEB91-43D6-4F9E-BFDD-B21F69FFB026}.Debug|Any CPU.Build.0 = Debug|Any CPU
		{721CEB91-43D6-4F9E-BFDD-B21F69FFB026}.Release|Any CPU.ActiveCfg = Release|Any CPU
		{721CEB91-43D6-4F9E-BFDD-B21F69FFB026}.Release|Any CPU.Build.0 = Release|Any CPU
		{6F279DDD-4D8C-4D09-A157-75DDE4179D4F}.Debug|Any CPU.ActiveCfg = Debug|Any CPU
		{6F279DDD-4D8C-4D09-A157-75DDE4179D4F}.Debug|Any CPU.Build.0 = Debug|Any CPU
		{6F279DDD-4D8C-4D09-A157-75DDE4179D4F}.Release|Any CPU.ActiveCfg = Release|Any CPU
		{6F279DDD-4D8C-4D09-A157-75DDE4179D4F}.Release|Any CPU.Build.0 = Release|Any CPU
		{2758C020-F705-48C5-931C-BE3DB46B669E}.Debug|Any CPU.ActiveCfg = Debug|Any CPU
		{2758C020-F705-48C5-931C-BE3DB46B669E}.Debug|Any CPU.Build.0 = Debug|Any CPU
		{2758C020-F705-48C5-931C-BE3DB46B669E}.Release|Any CPU.ActiveCfg = Release|Any CPU
		{2758C020-F705-48C5-931C-BE3DB46B669E}.Release|Any CPU.Build.0 = Release|Any CPU
		{B4AEB7BE-9089-4D4C-A715-89BC12A7CB4A}.Debug|Any CPU.ActiveCfg = Debug|Any CPU
		{B4AEB7BE-9089-4D4C-A715-89BC12A7CB4A}.Debug|Any CPU.Build.0 = Debug|Any CPU
		{B4AEB7BE-9089-4D4C-A715-89BC12A7CB4A}.Release|Any CPU.ActiveCfg = Release|Any CPU
		{B4AEB7BE-9089-4D4C-A715-89BC12A7CB4A}.Release|Any CPU.Build.0 = Release|Any CPU
		{2DA11C30-8117-4383-A6AF-5AFB1E2D9491}.Debug|Any CPU.ActiveCfg = Debug|Any CPU
		{2DA11C30-8117-4383-A6AF-5AFB1E2D9491}.Debug|Any CPU.Build.0 = Debug|Any CPU
		{2DA11C30-8117-4383-A6AF-5AFB1E2D9491}.Release|Any CPU.ActiveCfg = Release|Any CPU
		{2DA11C30-8117-4383-A6AF-5AFB1E2D9491}.Release|Any CPU.Build.0 = Release|Any CPU
		{64875385-B3C6-4662-9ABA-CC0A5A943218}.Debug|Any CPU.ActiveCfg = Debug|Any CPU
		{64875385-B3C6-4662-9ABA-CC0A5A943218}.Debug|Any CPU.Build.0 = Debug|Any CPU
		{64875385-B3C6-4662-9ABA-CC0A5A943218}.Release|Any CPU.ActiveCfg = Release|Any CPU
		{64875385-B3C6-4662-9ABA-CC0A5A943218}.Release|Any CPU.Build.0 = Release|Any CPU
		{47370576-7F95-4300-BA47-CB150B022AD6}.Debug|Any CPU.ActiveCfg = Debug|Any CPU
		{47370576-7F95-4300-BA47-CB150B022AD6}.Debug|Any CPU.Build.0 = Debug|Any CPU
		{47370576-7F95-4300-BA47-CB150B022AD6}.Release|Any CPU.ActiveCfg = Release|Any CPU
		{47370576-7F95-4300-BA47-CB150B022AD6}.Release|Any CPU.Build.0 = Release|Any CPU
		{FD4E16D3-7286-4C2E-9F61-09656F1E3C53}.Debug|Any CPU.ActiveCfg = Debug|Any CPU
		{FD4E16D3-7286-4C2E-9F61-09656F1E3C53}.Debug|Any CPU.Build.0 = Debug|Any CPU
		{FD4E16D3-7286-4C2E-9F61-09656F1E3C53}.Release|Any CPU.ActiveCfg = Release|Any CPU
		{FD4E16D3-7286-4C2E-9F61-09656F1E3C53}.Release|Any CPU.Build.0 = Release|Any CPU
		{F4269DD4-DBEA-41A8-9EE2-140F96AD906E}.Debug|Any CPU.ActiveCfg = Debug|Any CPU
		{F4269DD4-DBEA-41A8-9EE2-140F96AD906E}.Debug|Any CPU.Build.0 = Debug|Any CPU
		{F4269DD4-DBEA-41A8-9EE2-140F96AD906E}.Release|Any CPU.ActiveCfg = Release|Any CPU
		{F4269DD4-DBEA-41A8-9EE2-140F96AD906E}.Release|Any CPU.Build.0 = Release|Any CPU
		{A6952D8B-56E1-4819-9EE6-CFD3C35422B4}.Debug|Any CPU.ActiveCfg = Debug|Any CPU
		{A6952D8B-56E1-4819-9EE6-CFD3C35422B4}.Debug|Any CPU.Build.0 = Debug|Any CPU
		{A6952D8B-56E1-4819-9EE6-CFD3C35422B4}.Release|Any CPU.ActiveCfg = Release|Any CPU
		{A6952D8B-56E1-4819-9EE6-CFD3C35422B4}.Release|Any CPU.Build.0 = Release|Any CPU
		{38199723-57AA-47CF-9770-41EFFD1D4874}.Debug|Any CPU.ActiveCfg = Debug|Any CPU
		{38199723-57AA-47CF-9770-41EFFD1D4874}.Debug|Any CPU.Build.0 = Debug|Any CPU
		{38199723-57AA-47CF-9770-41EFFD1D4874}.Release|Any CPU.ActiveCfg = Release|Any CPU
		{38199723-57AA-47CF-9770-41EFFD1D4874}.Release|Any CPU.Build.0 = Release|Any CPU
		{D0BA8535-8C31-4C30-A560-67E262E66F51}.Debug|Any CPU.ActiveCfg = Debug|Any CPU
		{D0BA8535-8C31-4C30-A560-67E262E66F51}.Debug|Any CPU.Build.0 = Debug|Any CPU
		{D0BA8535-8C31-4C30-A560-67E262E66F51}.Release|Any CPU.ActiveCfg = Release|Any CPU
		{D0BA8535-8C31-4C30-A560-67E262E66F51}.Release|Any CPU.Build.0 = Release|Any CPU
		{52256F3F-6CEB-4219-B2EE-DA42A47ED944}.Debug|Any CPU.ActiveCfg = Debug|Any CPU
		{52256F3F-6CEB-4219-B2EE-DA42A47ED944}.Debug|Any CPU.Build.0 = Debug|Any CPU
		{52256F3F-6CEB-4219-B2EE-DA42A47ED944}.Release|Any CPU.ActiveCfg = Release|Any CPU
		{52256F3F-6CEB-4219-B2EE-DA42A47ED944}.Release|Any CPU.Build.0 = Release|Any CPU
		{7BAE5BC9-B702-4CA8-978D-39EFED77BAC7}.Debug|Any CPU.ActiveCfg = Debug|Any CPU
		{7BAE5BC9-B702-4CA8-978D-39EFED77BAC7}.Debug|Any CPU.Build.0 = Debug|Any CPU
		{7BAE5BC9-B702-4CA8-978D-39EFED77BAC7}.Release|Any CPU.ActiveCfg = Release|Any CPU
		{7BAE5BC9-B702-4CA8-978D-39EFED77BAC7}.Release|Any CPU.Build.0 = Release|Any CPU
		{A4EFD1DA-70F6-4162-83CE-7F49DB6D8974}.Debug|Any CPU.ActiveCfg = Debug|Any CPU
		{A4EFD1DA-70F6-4162-83CE-7F49DB6D8974}.Debug|Any CPU.Build.0 = Debug|Any CPU
		{A4EFD1DA-70F6-4162-83CE-7F49DB6D8974}.Release|Any CPU.ActiveCfg = Release|Any CPU
		{A4EFD1DA-70F6-4162-83CE-7F49DB6D8974}.Release|Any CPU.Build.0 = Release|Any CPU
		{3FF10349-321E-4AC1-9B4A-E18ECD293F12}.Debug|Any CPU.ActiveCfg = Debug|Any CPU
		{3FF10349-321E-4AC1-9B4A-E18ECD293F12}.Debug|Any CPU.Build.0 = Debug|Any CPU
		{3FF10349-321E-4AC1-9B4A-E18ECD293F12}.Release|Any CPU.ActiveCfg = Release|Any CPU
		{3FF10349-321E-4AC1-9B4A-E18ECD293F12}.Release|Any CPU.Build.0 = Release|Any CPU
		{84E03912-6A2F-424E-8EE4-7F6985BABDC4}.Debug|Any CPU.ActiveCfg = Debug|Any CPU
		{84E03912-6A2F-424E-8EE4-7F6985BABDC4}.Debug|Any CPU.Build.0 = Debug|Any CPU
		{84E03912-6A2F-424E-8EE4-7F6985BABDC4}.Release|Any CPU.ActiveCfg = Release|Any CPU
		{84E03912-6A2F-424E-8EE4-7F6985BABDC4}.Release|Any CPU.Build.0 = Release|Any CPU
		{D655F8B0-6E55-4B56-B396-50F1508BCFBF}.Debug|Any CPU.ActiveCfg = Debug|Any CPU
		{D655F8B0-6E55-4B56-B396-50F1508BCFBF}.Debug|Any CPU.Build.0 = Debug|Any CPU
		{D655F8B0-6E55-4B56-B396-50F1508BCFBF}.Release|Any CPU.ActiveCfg = Release|Any CPU
		{D655F8B0-6E55-4B56-B396-50F1508BCFBF}.Release|Any CPU.Build.0 = Release|Any CPU
		{D52F1EB3-7254-49F6-9C72-F014B6E3B73A}.Debug|Any CPU.ActiveCfg = Debug|Any CPU
		{D52F1EB3-7254-49F6-9C72-F014B6E3B73A}.Debug|Any CPU.Build.0 = Debug|Any CPU
		{D52F1EB3-7254-49F6-9C72-F014B6E3B73A}.Release|Any CPU.ActiveCfg = Release|Any CPU
		{D52F1EB3-7254-49F6-9C72-F014B6E3B73A}.Release|Any CPU.Build.0 = Release|Any CPU
		{EDE3C7E5-C68E-4729-A9C2-7D81F82F5DBF}.Debug|Any CPU.ActiveCfg = Debug|Any CPU
		{EDE3C7E5-C68E-4729-A9C2-7D81F82F5DBF}.Debug|Any CPU.Build.0 = Debug|Any CPU
		{EDE3C7E5-C68E-4729-A9C2-7D81F82F5DBF}.Release|Any CPU.ActiveCfg = Release|Any CPU
		{EDE3C7E5-C68E-4729-A9C2-7D81F82F5DBF}.Release|Any CPU.Build.0 = Release|Any CPU
		{07FCCC80-944E-4A07-A8D2-F816E21EA0A5}.Debug|Any CPU.ActiveCfg = Debug|Any CPU
		{07FCCC80-944E-4A07-A8D2-F816E21EA0A5}.Debug|Any CPU.Build.0 = Debug|Any CPU
		{07FCCC80-944E-4A07-A8D2-F816E21EA0A5}.Release|Any CPU.ActiveCfg = Release|Any CPU
		{07FCCC80-944E-4A07-A8D2-F816E21EA0A5}.Release|Any CPU.Build.0 = Release|Any CPU
		{E08052E0-4B3E-4446-AD38-566E68ECA690}.Debug|Any CPU.ActiveCfg = Debug|Any CPU
		{E08052E0-4B3E-4446-AD38-566E68ECA690}.Debug|Any CPU.Build.0 = Debug|Any CPU
		{E08052E0-4B3E-4446-AD38-566E68ECA690}.Release|Any CPU.ActiveCfg = Release|Any CPU
		{E08052E0-4B3E-4446-AD38-566E68ECA690}.Release|Any CPU.Build.0 = Release|Any CPU
		{7BE0137F-4D9A-407F-B991-A568D035776C}.Debug|Any CPU.ActiveCfg = Debug|Any CPU
		{7BE0137F-4D9A-407F-B991-A568D035776C}.Debug|Any CPU.Build.0 = Debug|Any CPU
		{7BE0137F-4D9A-407F-B991-A568D035776C}.Release|Any CPU.ActiveCfg = Release|Any CPU
		{7BE0137F-4D9A-407F-B991-A568D035776C}.Release|Any CPU.Build.0 = Release|Any CPU
		{2B7EFD7E-2696-4AD5-B067-A98B878193AA}.Debug|Any CPU.ActiveCfg = Debug|Any CPU
		{2B7EFD7E-2696-4AD5-B067-A98B878193AA}.Debug|Any CPU.Build.0 = Debug|Any CPU
		{2B7EFD7E-2696-4AD5-B067-A98B878193AA}.Release|Any CPU.ActiveCfg = Release|Any CPU
		{2B7EFD7E-2696-4AD5-B067-A98B878193AA}.Release|Any CPU.Build.0 = Release|Any CPU
		{CA8DDAC3-B759-4E18-A4BA-168F570EF362}.Debug|Any CPU.ActiveCfg = Debug|Any CPU
		{CA8DDAC3-B759-4E18-A4BA-168F570EF362}.Debug|Any CPU.Build.0 = Debug|Any CPU
		{CA8DDAC3-B759-4E18-A4BA-168F570EF362}.Release|Any CPU.ActiveCfg = Release|Any CPU
		{CA8DDAC3-B759-4E18-A4BA-168F570EF362}.Release|Any CPU.Build.0 = Release|Any CPU
		{17CA8661-9945-4008-9C41-7D1E3F523B21}.Debug|Any CPU.ActiveCfg = Debug|Any CPU
		{17CA8661-9945-4008-9C41-7D1E3F523B21}.Debug|Any CPU.Build.0 = Debug|Any CPU
		{17CA8661-9945-4008-9C41-7D1E3F523B21}.Release|Any CPU.ActiveCfg = Release|Any CPU
		{17CA8661-9945-4008-9C41-7D1E3F523B21}.Release|Any CPU.Build.0 = Release|Any CPU
		{E500CFC8-DFD2-4D0D-B59D-9358F6786B81}.Debug|Any CPU.ActiveCfg = Debug|Any CPU
		{E500CFC8-DFD2-4D0D-B59D-9358F6786B81}.Debug|Any CPU.Build.0 = Debug|Any CPU
		{E500CFC8-DFD2-4D0D-B59D-9358F6786B81}.Release|Any CPU.ActiveCfg = Release|Any CPU
		{E500CFC8-DFD2-4D0D-B59D-9358F6786B81}.Release|Any CPU.Build.0 = Release|Any CPU
		{B7FEC16F-71FE-4E81-B4F7-682B9A2E10C7}.Debug|Any CPU.ActiveCfg = Debug|Any CPU
		{B7FEC16F-71FE-4E81-B4F7-682B9A2E10C7}.Debug|Any CPU.Build.0 = Debug|Any CPU
		{B7FEC16F-71FE-4E81-B4F7-682B9A2E10C7}.Release|Any CPU.ActiveCfg = Release|Any CPU
		{B7FEC16F-71FE-4E81-B4F7-682B9A2E10C7}.Release|Any CPU.Build.0 = Release|Any CPU
		{7C9DCA6B-CED7-467D-BBD1-D3EC0D145CC7}.Debug|Any CPU.ActiveCfg = Debug|Any CPU
		{7C9DCA6B-CED7-467D-BBD1-D3EC0D145CC7}.Debug|Any CPU.Build.0 = Debug|Any CPU
		{7C9DCA6B-CED7-467D-BBD1-D3EC0D145CC7}.Release|Any CPU.ActiveCfg = Release|Any CPU
		{7C9DCA6B-CED7-467D-BBD1-D3EC0D145CC7}.Release|Any CPU.Build.0 = Release|Any CPU
		{9E3168AC-057C-4109-A540-1F55CF06A018}.Debug|Any CPU.ActiveCfg = Debug|Any CPU
		{9E3168AC-057C-4109-A540-1F55CF06A018}.Debug|Any CPU.Build.0 = Debug|Any CPU
		{9E3168AC-057C-4109-A540-1F55CF06A018}.Release|Any CPU.ActiveCfg = Release|Any CPU
		{9E3168AC-057C-4109-A540-1F55CF06A018}.Release|Any CPU.Build.0 = Release|Any CPU
		{53CE6C1B-BC1C-43F5-BE5F-67B4074569D1}.Debug|Any CPU.ActiveCfg = Debug|Any CPU
		{53CE6C1B-BC1C-43F5-BE5F-67B4074569D1}.Debug|Any CPU.Build.0 = Debug|Any CPU
		{53CE6C1B-BC1C-43F5-BE5F-67B4074569D1}.Release|Any CPU.ActiveCfg = Release|Any CPU
		{53CE6C1B-BC1C-43F5-BE5F-67B4074569D1}.Release|Any CPU.Build.0 = Release|Any CPU
		{5B49163E-6862-492E-8C80-1DED409A6A1B}.Debug|Any CPU.ActiveCfg = Debug|Any CPU
		{5B49163E-6862-492E-8C80-1DED409A6A1B}.Debug|Any CPU.Build.0 = Debug|Any CPU
		{5B49163E-6862-492E-8C80-1DED409A6A1B}.Release|Any CPU.ActiveCfg = Release|Any CPU
		{5B49163E-6862-492E-8C80-1DED409A6A1B}.Release|Any CPU.Build.0 = Release|Any CPU
		{8572593F-3A08-4FA0-9928-90DE3837C778}.Debug|Any CPU.ActiveCfg = Debug|Any CPU
		{8572593F-3A08-4FA0-9928-90DE3837C778}.Debug|Any CPU.Build.0 = Debug|Any CPU
		{8572593F-3A08-4FA0-9928-90DE3837C778}.Release|Any CPU.ActiveCfg = Release|Any CPU
		{8572593F-3A08-4FA0-9928-90DE3837C778}.Release|Any CPU.Build.0 = Release|Any CPU
		{B781C912-1288-4AC9-9F6B-9A17FD5A439A}.Debug|Any CPU.ActiveCfg = Debug|Any CPU
		{B781C912-1288-4AC9-9F6B-9A17FD5A439A}.Debug|Any CPU.Build.0 = Debug|Any CPU
		{B781C912-1288-4AC9-9F6B-9A17FD5A439A}.Release|Any CPU.ActiveCfg = Release|Any CPU
		{B781C912-1288-4AC9-9F6B-9A17FD5A439A}.Release|Any CPU.Build.0 = Release|Any CPU
		{AD536444-2D2D-4DAB-9657-30CC33A309C6}.Debug|Any CPU.ActiveCfg = Debug|Any CPU
		{AD536444-2D2D-4DAB-9657-30CC33A309C6}.Debug|Any CPU.Build.0 = Debug|Any CPU
		{AD536444-2D2D-4DAB-9657-30CC33A309C6}.Release|Any CPU.ActiveCfg = Release|Any CPU
		{AD536444-2D2D-4DAB-9657-30CC33A309C6}.Release|Any CPU.Build.0 = Release|Any CPU
		{AA43573A-B1C0-4B3E-80B2-1B8040B9B7D4}.Debug|Any CPU.ActiveCfg = Debug|Any CPU
		{AA43573A-B1C0-4B3E-80B2-1B8040B9B7D4}.Debug|Any CPU.Build.0 = Debug|Any CPU
		{AA43573A-B1C0-4B3E-80B2-1B8040B9B7D4}.Release|Any CPU.ActiveCfg = Release|Any CPU
		{AA43573A-B1C0-4B3E-80B2-1B8040B9B7D4}.Release|Any CPU.Build.0 = Release|Any CPU
		{3B3E3B90-65F7-449B-AA37-F3003AB09FE7}.Debug|Any CPU.ActiveCfg = Debug|Any CPU
		{3B3E3B90-65F7-449B-AA37-F3003AB09FE7}.Debug|Any CPU.Build.0 = Debug|Any CPU
		{3B3E3B90-65F7-449B-AA37-F3003AB09FE7}.Release|Any CPU.ActiveCfg = Release|Any CPU
		{3B3E3B90-65F7-449B-AA37-F3003AB09FE7}.Release|Any CPU.Build.0 = Release|Any CPU
		{C78D374C-5506-4385-878C-36C5DD6C2195}.Debug|Any CPU.ActiveCfg = Debug|Any CPU
		{C78D374C-5506-4385-878C-36C5DD6C2195}.Debug|Any CPU.Build.0 = Debug|Any CPU
		{C78D374C-5506-4385-878C-36C5DD6C2195}.Release|Any CPU.ActiveCfg = Release|Any CPU
		{C78D374C-5506-4385-878C-36C5DD6C2195}.Release|Any CPU.Build.0 = Release|Any CPU
		{D00DBB7E-D002-4CAA-B8CC-2350E97E8758}.Debug|Any CPU.ActiveCfg = Debug|Any CPU
		{D00DBB7E-D002-4CAA-B8CC-2350E97E8758}.Debug|Any CPU.Build.0 = Debug|Any CPU
		{D00DBB7E-D002-4CAA-B8CC-2350E97E8758}.Release|Any CPU.ActiveCfg = Release|Any CPU
		{D00DBB7E-D002-4CAA-B8CC-2350E97E8758}.Release|Any CPU.Build.0 = Release|Any CPU
		{DD7840B7-791B-42CF-9E3C-66E6E46A4971}.Debug|Any CPU.ActiveCfg = Debug|Any CPU
		{DD7840B7-791B-42CF-9E3C-66E6E46A4971}.Debug|Any CPU.Build.0 = Debug|Any CPU
		{DD7840B7-791B-42CF-9E3C-66E6E46A4971}.Release|Any CPU.ActiveCfg = Release|Any CPU
		{DD7840B7-791B-42CF-9E3C-66E6E46A4971}.Release|Any CPU.Build.0 = Release|Any CPU
		{B2ABEED8-56AB-4679-A265-2177CEFECB11}.Debug|Any CPU.ActiveCfg = Debug|Any CPU
		{B2ABEED8-56AB-4679-A265-2177CEFECB11}.Debug|Any CPU.Build.0 = Debug|Any CPU
		{B2ABEED8-56AB-4679-A265-2177CEFECB11}.Release|Any CPU.ActiveCfg = Release|Any CPU
		{B2ABEED8-56AB-4679-A265-2177CEFECB11}.Release|Any CPU.Build.0 = Release|Any CPU
		{5604BB46-A38F-436B-AE95-1B014B1885E3}.Debug|Any CPU.ActiveCfg = Debug|Any CPU
		{5604BB46-A38F-436B-AE95-1B014B1885E3}.Debug|Any CPU.Build.0 = Debug|Any CPU
		{5604BB46-A38F-436B-AE95-1B014B1885E3}.Release|Any CPU.ActiveCfg = Release|Any CPU
		{5604BB46-A38F-436B-AE95-1B014B1885E3}.Release|Any CPU.Build.0 = Release|Any CPU
		{B3192E05-EE06-4D43-98A3-E12BAEC2865C}.Debug|Any CPU.ActiveCfg = Debug|Any CPU
		{B3192E05-EE06-4D43-98A3-E12BAEC2865C}.Debug|Any CPU.Build.0 = Debug|Any CPU
		{B3192E05-EE06-4D43-98A3-E12BAEC2865C}.Release|Any CPU.ActiveCfg = Release|Any CPU
		{B3192E05-EE06-4D43-98A3-E12BAEC2865C}.Release|Any CPU.Build.0 = Release|Any CPU
		{C9CDCAFB-6389-4F62-AAC6-D0CE1FAAC7FD}.Debug|Any CPU.ActiveCfg = Debug|Any CPU
		{C9CDCAFB-6389-4F62-AAC6-D0CE1FAAC7FD}.Debug|Any CPU.Build.0 = Debug|Any CPU
		{C9CDCAFB-6389-4F62-AAC6-D0CE1FAAC7FD}.Release|Any CPU.ActiveCfg = Release|Any CPU
		{C9CDCAFB-6389-4F62-AAC6-D0CE1FAAC7FD}.Release|Any CPU.Build.0 = Release|Any CPU
	EndGlobalSection
	GlobalSection(SolutionProperties) = preSolution
		HideSolutionNode = FALSE
	EndGlobalSection
	GlobalSection(ExtensibilityGlobals) = postSolution
		SolutionGuid = {64D492D0-4E3D-41E9-A630-5C35056F3736}
	EndGlobalSection
EndGlobal
